
Microsoft Visual Studio Solution File, Format Version 11.00
# Visual C# Express 2010
Project("{FAE04EC0-301F-11D3-BF4B-00C04F79EFBC}") = "CinemaClockJSON1", "CinemaClockJSON1\CinemaClockJSON1.csproj", "{E6B20465-82DA-48E5-8B26-6B216E0C6310}"
EndProject
Global
	GlobalSection(SolutionConfigurationPlatforms) = preSolution
		Debug|x86 = Debug|x86
		Release|x86 = Release|x86
	EndGlobalSection
	GlobalSection(ProjectConfigurationPlatforms) = postSolution
		{E6B20465-82DA-48E5-8B26-6B216E0C6310}.Debug|x86.ActiveCfg = Debug|x86
		{E6B20465-82DA-48E5-8B26-6B216E0C6310}.Debug|x86.Build.0 = Debug|x86
		{E6B20465-82DA-48E5-8B26-6B216E0C6310}.Release|x86.ActiveCfg = Release|x86
		{E6B20465-82DA-48E5-8B26-6B216E0C6310}.Release|x86.Build.0 = Release|x86
	EndGlobalSection
	GlobalSection(SolutionProperties) = preSolution
		HideSolutionNode = FALSE
	EndGlobalSection
EndGlobal
